
Microsoft Visual Studio Solution File, Format Version 12.00
# Visual Studio 15
VisualStudioVersion = 15.0.27130.2027
MinimumVisualStudioVersion = 10.0.40219.1
Project("{FAE04EC0-301F-11D3-BF4B-00C04F79EFBC}") = "Form1", "Form1\Form1.csproj", "{EFDC56FA-B1C7-4A0C-8860-10A75FD8A336}"
EndProject
Global
	GlobalSection(SolutionConfigurationPlatforms) = preSolution
		Debug|Any CPU = Debug|Any CPU
		Release|Any CPU = Release|Any CPU
	EndGlobalSection
	GlobalSection(ProjectConfigurationPlatforms) = postSolution
		{EFDC56FA-B1C7-4A0C-8860-10A75FD8A336}.Debug|Any CPU.ActiveCfg = Debug|Any CPU
		{EFDC56FA-B1C7-4A0C-8860-10A75FD8A336}.Debug|Any CPU.Build.0 = Debug|Any CPU
		{EFDC56FA-B1C7-4A0C-8860-10A75FD8A336}.Release|Any CPU.ActiveCfg = Release|Any CPU
		{EFDC56FA-B1C7-4A0C-8860-10A75FD8A336}.Release|Any CPU.Build.0 = Release|Any CPU
	EndGlobalSection
	GlobalSection(SolutionProperties) = preSolution
		HideSolutionNode = FALSE
	EndGlobalSection
	GlobalSection(ExtensibilityGlobals) = postSolution
		SolutionGuid = {14487E91-6D17-4059-8617-1D3E601D25F4}
	EndGlobalSection
EndGlobal
