
Microsoft Visual Studio Solution File, Format Version 12.00
# Visual Studio 15
VisualStudioVersion = 15.0.27130.2027
MinimumVisualStudioVersion = 10.0.40219.1
Project("{FAE04EC0-301F-11D3-BF4B-00C04F79EFBC}") = "Snake", "Snake\Snake.csproj", "{A3B8887E-673D-4792-9C97-C69F5B504229}"
EndProject
Global
	GlobalSection(SolutionConfigurationPlatforms) = preSolution
		Debug|Any CPU = Debug|Any CPU
		Release|Any CPU = Release|Any CPU
	EndGlobalSection
	GlobalSection(ProjectConfigurationPlatforms) = postSolution
		{A3B8887E-673D-4792-9C97-C69F5B504229}.Debug|Any CPU.ActiveCfg = Debug|Any CPU
		{A3B8887E-673D-4792-9C97-C69F5B504229}.Debug|Any CPU.Build.0 = Debug|Any CPU
		{A3B8887E-673D-4792-9C97-C69F5B504229}.Release|Any CPU.ActiveCfg = Release|Any CPU
		{A3B8887E-673D-4792-9C97-C69F5B504229}.Release|Any CPU.Build.0 = Release|Any CPU
	EndGlobalSection
	GlobalSection(SolutionProperties) = preSolution
		HideSolutionNode = FALSE
	EndGlobalSection
	GlobalSection(ExtensibilityGlobals) = postSolution
		SolutionGuid = {79BE28DB-C33E-4679-9CEB-B17E311726E5}
	EndGlobalSection
EndGlobal
